
Microsoft Visual Studio Solution File, Format Version 12.00
# Visual Studio Version 17
VisualStudioVersion = 17.2.32516.85
MinimumVisualStudioVersion = 10.0.40219.1
Project("{9A19103F-16F7-4668-BE54-9A1E7A4F7556}") = "Entities", "Entities\Entities.csproj", "{CCEAFA20-1F70-43FC-B2B0-EF2DB99FB5BC}"
EndProject
Project("{9A19103F-16F7-4668-BE54-9A1E7A4F7556}") = "DataAccess", "DataAccess\DataAccess.csproj", "{B05467F5-8C49-47B7-A293-B4E1AC0A7360}"
EndProject
Project("{9A19103F-16F7-4668-BE54-9A1E7A4F7556}") = "Business", "Business\Business.csproj", "{BB6F1116-B9E7-4E00-B70D-50274C0D3506}"
EndProject
Project("{9A19103F-16F7-4668-BE54-9A1E7A4F7556}") = "ConsoleUI2", "ConsoleUI2\ConsoleUI2.csproj", "{FF406072-ACC3-41FB-9883-AF0CA6104334}"
EndProject
Project("{9A19103F-16F7-4668-BE54-9A1E7A4F7556}") = "Core", "Core\Core.csproj", "{E0844DBB-A237-476E-B234-6919F571C9B2}"
EndProject
Project("{FAE04EC0-301F-11D3-BF4B-00C04F79EFBC}") = "WebAPI", "WebAPI\WebAPI.csproj", "{29D7DAB1-4843-4291-ACA2-EC8EC9FA269C}"
EndProject
Global
	GlobalSection(SolutionConfigurationPlatforms) = preSolution
		Debug|Any CPU = Debug|Any CPU
		Release|Any CPU = Release|Any CPU
	EndGlobalSection
	GlobalSection(ProjectConfigurationPlatforms) = postSolution
		{CCEAFA20-1F70-43FC-B2B0-EF2DB99FB5BC}.Debug|Any CPU.ActiveCfg = Debug|Any CPU
		{CCEAFA20-1F70-43FC-B2B0-EF2DB99FB5BC}.Debug|Any CPU.Build.0 = Debug|Any CPU
		{CCEAFA20-1F70-43FC-B2B0-EF2DB99FB5BC}.Release|Any CPU.ActiveCfg = Release|Any CPU
		{CCEAFA20-1F70-43FC-B2B0-EF2DB99FB5BC}.Release|Any CPU.Build.0 = Release|Any CPU
		{B05467F5-8C49-47B7-A293-B4E1AC0A7360}.Debug|Any CPU.ActiveCfg = Debug|Any CPU
		{B05467F5-8C49-47B7-A293-B4E1AC0A7360}.Debug|Any CPU.Build.0 = Debug|Any CPU
		{B05467F5-8C49-47B7-A293-B4E1AC0A7360}.Release|Any CPU.ActiveCfg = Release|Any CPU
		{B05467F5-8C49-47B7-A293-B4E1AC0A7360}.Release|Any CPU.Build.0 = Release|Any CPU
		{BB6F1116-B9E7-4E00-B70D-50274C0D3506}.Debug|Any CPU.ActiveCfg = Debug|Any CPU
		{BB6F1116-B9E7-4E00-B70D-50274C0D3506}.Debug|Any CPU.Build.0 = Debug|Any CPU
		{BB6F1116-B9E7-4E00-B70D-50274C0D3506}.Release|Any CPU.ActiveCfg = Release|Any CPU
		{BB6F1116-B9E7-4E00-B70D-50274C0D3506}.Release|Any CPU.Build.0 = Release|Any CPU
		{FF406072-ACC3-41FB-9883-AF0CA6104334}.Debug|Any CPU.ActiveCfg = Debug|Any CPU
		{FF406072-ACC3-41FB-9883-AF0CA6104334}.Debug|Any CPU.Build.0 = Debug|Any CPU
		{FF406072-ACC3-41FB-9883-AF0CA6104334}.Release|Any CPU.ActiveCfg = Release|Any CPU
		{FF406072-ACC3-41FB-9883-AF0CA6104334}.Release|Any CPU.Build.0 = Release|Any CPU
		{E0844DBB-A237-476E-B234-6919F571C9B2}.Debug|Any CPU.ActiveCfg = Debug|Any CPU
		{E0844DBB-A237-476E-B234-6919F571C9B2}.Debug|Any CPU.Build.0 = Debug|Any CPU
		{E0844DBB-A237-476E-B234-6919F571C9B2}.Release|Any CPU.ActiveCfg = Release|Any CPU
		{E0844DBB-A237-476E-B234-6919F571C9B2}.Release|Any CPU.Build.0 = Release|Any CPU
		{29D7DAB1-4843-4291-ACA2-EC8EC9FA269C}.Debug|Any CPU.ActiveCfg = Debug|Any CPU
		{29D7DAB1-4843-4291-ACA2-EC8EC9FA269C}.Debug|Any CPU.Build.0 = Debug|Any CPU
		{29D7DAB1-4843-4291-ACA2-EC8EC9FA269C}.Release|Any CPU.ActiveCfg = Release|Any CPU
		{29D7DAB1-4843-4291-ACA2-EC8EC9FA269C}.Release|Any CPU.Build.0 = Release|Any CPU
	EndGlobalSection
	GlobalSection(SolutionProperties) = preSolution
		HideSolutionNode = FALSE
	EndGlobalSection
	GlobalSection(ExtensibilityGlobals) = postSolution
		SolutionGuid = {74A209E0-9625-4D64-9A2A-1A0A1085262E}
	EndGlobalSection
EndGlobal
